// !$*UTF8*$!
{
	archiveVersion = 1;
	classes = {
	};
	objectVersion = 70;
	objects = {

/* Begin PBXBuildFile section */
		BF0000010000000000000001 /* GoogleMobileAds in Frameworks */ = {isa = PBXBuildFile; productRef = BF0000010000000000000011 /* GoogleMobileAds */; };
		BF0000010000000000000002 /* FirebaseCore in Frameworks */ = {isa = PBXBuildFile; productRef = BF0000010000000000000012 /* FirebaseCore */; };
		BF0000010000000000000003 /* FirebaseAnalytics in Frameworks */ = {isa = PBXBuildFile; productRef = BF0000010000000000000013 /* FirebaseAnalytics */; };
		BF0000010000000000000004 /* FirebaseRemoteConfig in Frameworks */ = {isa = PBXBuildFile; productRef = BF0000010000000000000014 /* FirebaseRemoteConfig */; };
		BF0000010000000000000006 /* Lottie in Frameworks */ = {isa = PBXBuildFile; productRef = BF0000010000000000000016 /* Lottie */; };
		BF083ADB2FCDE83B00C67F9D /* CropViewController in Frameworks */ = {isa = PBXBuildFile; productRef = BF083ADA2FCDE83B00C67F9D /* CropViewController */; };
		BF083ADD2FCDE83B00C67F9D /* TOCropViewController in Frameworks */ = {isa = PBXBuildFile; productRef = BF083ADC2FCDE83B00C67F9D /* TOCropViewController */; };
		BF083D7B2FD312C300C67F9D /* RevenueCat in Frameworks */ = {isa = PBXBuildFile; productRef = BF083D7A2FD312C300C67F9D /* RevenueCat */; };
		E80C0994177EDF9639A32B51 /* LicenseList in Frameworks */ = {isa = PBXBuildFile; productRef = 817CECA0E7AC3E4347819AAC /* LicenseList */; };
/* End PBXBuildFile section */

/* Begin PBXContainerItemProxy section */
		BF9000012FD0000000000009 /* PBXContainerItemProxy */ = {
			isa = PBXContainerItemProxy;
			containerPortal = BF22F45620DE6E4C00B56F99 /* Project object */;
			proxyType = 1;
			remoteGlobalIDString = BF22F45D20DE6E4C00B56F99;
			remoteInfo = Likehate;
		};
/* End PBXContainerItemProxy section */

/* Begin PBXFileReference section */
		BF22F45E20DE6E4C00B56F99 /* Likehate.app */ = {isa = PBXFileReference; explicitFileType = wrapper.application; includeInIndex = 0; path = Likehate.app; sourceTree = BUILT_PRODUCTS_DIR; };
		BF9000012FD0000000000001 /* LikehateTests.xctest */ = {isa = PBXFileReference; explicitFileType = wrapper.cfbundle; includeInIndex = 0; path = LikehateTests.xctest; sourceTree = BUILT_PRODUCTS_DIR; };
/* End PBXFileReference section */

/* Begin PBXFileSystemSynchronizedBuildFileExceptionSet section */
		BF26685D2FB9858A00DA9BBF /* PBXFileSystemSynchronizedBuildFileExceptionSet */ = {
			isa = PBXFileSystemSynchronizedBuildFileExceptionSet;
			membershipExceptions = (
				SupportingFiles/Info.plist,
			);
			target = BF22F45D20DE6E4C00B56F99 /* Likehate */;
		};
/* End PBXFileSystemSynchronizedBuildFileExceptionSet section */

/* Begin PBXFileSystemSynchronizedRootGroup section */
		BF26683F2FB9858900DA9BBF /* Likehate */ = {isa = PBXFileSystemSynchronizedRootGroup; exceptions = (BF26685D2FB9858A00DA9BBF /* PBXFileSystemSynchronizedBuildFileExceptionSet */, ); explicitFileTypes = {}; explicitFolders = (); path = Likehate; sourceTree = "<group>"; };
		BF9000012FD0000000000002 /* LikehateTests */ = {isa = PBXFileSystemSynchronizedRootGroup; explicitFileTypes = {}; explicitFolders = (); path = LikehateTests; sourceTree = "<group>"; };
		BFE4293F2FDE70C400E8B7E3 /* ci_scripts */ = {isa = PBXFileSystemSynchronizedRootGroup; explicitFileTypes = {}; explicitFolders = (); path = ci_scripts; sourceTree = "<group>"; };
/* End PBXFileSystemSynchronizedRootGroup section */

/* Begin PBXFrameworksBuildPhase section */
		BF22F45B20DE6E4C00B56F99 /* Frameworks */ = {
			isa = PBXFrameworksBuildPhase;
			buildActionMask = 2147483647;
			files = (
				BF0000010000000000000002 /* FirebaseCore in Frameworks */,
				BF083ADD2FCDE83B00C67F9D /* TOCropViewController in Frameworks */,
				BF0000010000000000000003 /* FirebaseAnalytics in Frameworks */,
				BF0000010000000000000004 /* FirebaseRemoteConfig in Frameworks */,
				BF0000010000000000000001 /* GoogleMobileAds in Frameworks */,
				BF083D7B2FD312C300C67F9D /* RevenueCat in Frameworks */,
				BF083ADB2FCDE83B00C67F9D /* CropViewController in Frameworks */,
				BF0000010000000000000006 /* Lottie in Frameworks */,
				E80C0994177EDF9639A32B51 /* LicenseList in Frameworks */,
			);
			runOnlyForDeploymentPostprocessing = 0;
		};
		BF9000012FD0000000000003 /* Frameworks */ = {
			isa = PBXFrameworksBuildPhase;
			buildActionMask = 2147483647;
			files = (
			);
			runOnlyForDeploymentPostprocessing = 0;
		};
/* End PBXFrameworksBuildPhase section */

/* Begin PBXGroup section */
		B776C712E8F6D795633683E9 /* Frameworks */ = {
			isa = PBXGroup;
			children = (
			);
			name = Frameworks;
			sourceTree = "<group>";
		};
		BF22F45520DE6E4C00B56F99 = {
			isa = PBXGroup;
			children = (
				BFE4293F2FDE70C400E8B7E3 /* ci_scripts */,
				BF26683F2FB9858900DA9BBF /* Likehate */,
				BF9000012FD0000000000002 /* LikehateTests */,
				BF22F45F20DE6E4C00B56F99 /* Products */,
				B776C712E8F6D795633683E9 /* Frameworks */,
			);
			sourceTree = "<group>";
		};
		BF22F45F20DE6E4C00B56F99 /* Products */ = {
			isa = PBXGroup;
			children = (
				BF22F45E20DE6E4C00B56F99 /* Likehate.app */,
				BF9000012FD0000000000001 /* LikehateTests.xctest */,
			);
			name = Products;
			sourceTree = "<group>";
		};
/* End PBXGroup section */

/* Begin PBXNativeTarget section */
		BF22F45D20DE6E4C00B56F99 /* Likehate */ = {
			isa = PBXNativeTarget;
			buildConfigurationList = BF22F47020DE6E4D00B56F99 /* Build configuration list for PBXNativeTarget "Likehate" */;
			buildPhases = (
				BF22F45A20DE6E4C00B56F99 /* Sources */,
				BF22F45B20DE6E4C00B56F99 /* Frameworks */,
				BF22F45C20DE6E4C00B56F99 /* Resources */,
			);
			buildRules = (
			);
			dependencies = (
			);
			fileSystemSynchronizedGroups = (
				BF26683F2FB9858900DA9BBF /* Likehate */,
				BFE4293F2FDE70C400E8B7E3 /* ci_scripts */,
			);
			name = Likehate;
			packageProductDependencies = (
				BF0000010000000000000011 /* GoogleMobileAds */,
				BF0000010000000000000012 /* FirebaseCore */,
				BF0000010000000000000013 /* FirebaseAnalytics */,
				BF0000010000000000000014 /* FirebaseRemoteConfig */,
				BF0000010000000000000016 /* Lottie */,
				BF083ADA2FCDE83B00C67F9D /* CropViewController */,
				BF083ADC2FCDE83B00C67F9D /* TOCropViewController */,
				BF083D7A2FD312C300C67F9D /* RevenueCat */,
				817CECA0E7AC3E4347819AAC /* LicenseList */,
			);
			productName = Likehate;
			productReference = BF22F45E20DE6E4C00B56F99 /* Likehate.app */;
			productType = "com.apple.product-type.application";
		};
		BF9000012FD0000000000004 /* LikehateTests */ = {
			isa = PBXNativeTarget;
			buildConfigurationList = BF9000012FD0000000000008 /* Build configuration list for PBXNativeTarget "LikehateTests" */;
			buildPhases = (
				BF9000012FD0000000000005 /* Sources */,
				BF9000012FD0000000000003 /* Frameworks */,
				BF9000012FD0000000000006 /* Resources */,
			);
			buildRules = (
			);
			dependencies = (
				BF9000012FD000000000000A /* PBXTargetDependency */,
			);
			fileSystemSynchronizedGroups = (
				BF9000012FD0000000000002 /* LikehateTests */,
			);
			name = LikehateTests;
			packageProductDependencies = (
			);
			productName = LikehateTests;
			productReference = BF9000012FD0000000000001 /* LikehateTests.xctest */;
			productType = "com.apple.product-type.bundle.unit-test";
		};
/* End PBXNativeTarget section */

/* Begin PBXProject section */
		BF22F45620DE6E4C00B56F99 /* Project object */ = {
			isa = PBXProject;
			attributes = {
				LastSwiftUpdateCheck = 1100;
				LastUpgradeCheck = 0940;
				ORGANIZATIONNAME = jun;
				TargetAttributes = {
					BF22F45D20DE6E4C00B56F99 = {
						CreatedOnToolsVersion = 9.4;
						SystemCapabilities = {
							com.apple.Push = {
								enabled = 1;
							};
						};
					};
					BF9000012FD0000000000004 = {
						CreatedOnToolsVersion = 26.5;
						TestTargetID = BF22F45D20DE6E4C00B56F99;
					};
				};
			};
			buildConfigurationList = BF22F45920DE6E4C00B56F99 /* Build configuration list for PBXProject "Likehate" */;
			compatibilityVersion = "Xcode 9.3";
			developmentRegion = en;
			hasScannedForEncodings = 0;
			knownRegions = (
				en,
				Base,
				ja,
				"zh-Hans",
				"zh-Hant",
				ko,
				el,
				fr,
				sv,
				ar,
				de,
			);
			mainGroup = BF22F45520DE6E4C00B56F99;
			packageReferences = (
				BF0000010000000000000021 /* XCRemoteSwiftPackageReference "swift-package-manager-google-mobile-ads" */,
				BF0000010000000000000022 /* XCRemoteSwiftPackageReference "firebase-ios-sdk" */,
				BF0000010000000000000023 /* XCRemoteSwiftPackageReference "lottie-spm" */,
				BF083AD92FCDE83B00C67F9D /* XCRemoteSwiftPackageReference "TOCropViewController" */,
				BF083D792FD312C300C67F9D /* XCRemoteSwiftPackageReference "purchases-ios" */,
				5CD461D7A376B73001764048 /* XCRemoteSwiftPackageReference "LicenseList" */,
			);
			productRefGroup = BF22F45F20DE6E4C00B56F99 /* Products */;
			projectDirPath = "";
			projectRoot = "";
			targets = (
				BF22F45D20DE6E4C00B56F99 /* Likehate */,
				BF9000012FD0000000000004 /* LikehateTests */,
			);
		};
/* End PBXProject section */

/* Begin PBXResourcesBuildPhase section */
		BF22F45C20DE6E4C00B56F99 /* Resources */ = {
			isa = PBXResourcesBuildPhase;
			buildActionMask = 2147483647;
			files = (
			);
			runOnlyForDeploymentPostprocessing = 0;
		};
		BF9000012FD0000000000006 /* Resources */ = {
			isa = PBXResourcesBuildPhase;
			buildActionMask = 2147483647;
			files = (
			);
			runOnlyForDeploymentPostprocessing = 0;
		};
/* End PBXResourcesBuildPhase section */

/* Begin PBXSourcesBuildPhase section */
		BF22F45A20DE6E4C00B56F99 /* Sources */ = {
			isa = PBXSourcesBuildPhase;
			buildActionMask = 2147483647;
			files = (
			);
			runOnlyForDeploymentPostprocessing = 0;
		};
		BF9000012FD0000000000005 /* Sources */ = {
			isa = PBXSourcesBuildPhase;
			buildActionMask = 2147483647;
			files = (
			);
			runOnlyForDeploymentPostprocessing = 0;
		};
/* End PBXSourcesBuildPhase section */

/* Begin PBXTargetDependency section */
		BF9000012FD000000000000A /* PBXTargetDependency */ = {
			isa = PBXTargetDependency;
			target = BF22F45D20DE6E4C00B56F99 /* Likehate */;
			targetProxy = BF9000012FD0000000000009 /* PBXContainerItemProxy */;
		};
/* End PBXTargetDependency section */

/* Begin XCBuildConfiguration section */
		BF22F46E20DE6E4D00B56F99 /* Debug */ = {
			isa = XCBuildConfiguration;
			buildSettings = {
				ALWAYS_SEARCH_USER_PATHS = NO;
				CLANG_ANALYZER_LOCALIZABILITY_NONLOCALIZED = YES;
				CLANG_ANALYZER_NONNULL = YES;
				CLANG_ANALYZER_NUMBER_OBJECT_CONVERSION = YES_AGGRESSIVE;
				CLANG_CXX_LANGUAGE_STANDARD = "gnu++14";
				CLANG_CXX_LIBRARY = "libc++";
				CLANG_ENABLE_MODULES = YES;
				CLANG_ENABLE_OBJC_ARC = YES;
				CLANG_ENABLE_OBJC_WEAK = YES;
				CLANG_WARN_BLOCK_CAPTURE_AUTORELEASING = YES;
				CLANG_WARN_BOOL_CONVERSION = YES;
				CLANG_WARN_COMMA = YES;
				CLANG_WARN_CONSTANT_CONVERSION = YES;
				CLANG_WARN_DEPRECATED_OBJC_IMPLEMENTATIONS = YES;
				CLANG_WARN_DIRECT_OBJC_ISA_USAGE = YES_ERROR;
				CLANG_WARN_DOCUMENTATION_COMMENTS = YES;
				CLANG_WARN_EMPTY_BODY = YES;
				CLANG_WARN_ENUM_CONVERSION = YES;
				CLANG_WARN_INFINITE_RECURSION = YES;
				CLANG_WARN_INT_CONVERSION = YES;
				CLANG_WARN_NON_LITERAL_NULL_CONVERSION = YES;
				CLANG_WARN_OBJC_IMPLICIT_RETAIN_SELF = YES;
				CLANG_WARN_OBJC_LITERAL_CONVERSION = YES;
				CLANG_WARN_OBJC_ROOT_CLASS = YES_ERROR;
				CLANG_WARN_RANGE_LOOP_ANALYSIS = YES;
				CLANG_WARN_STRICT_PROTOTYPES = YES;
				CLANG_WARN_SUSPICIOUS_MOVE = YES;
				CLANG_WARN_UNGUARDED_AVAILABILITY = YES_AGGRESSIVE;
				CLANG_WARN_UNREACHABLE_CODE = YES;
				CLANG_WARN__DUPLICATE_METHOD_MATCH = YES;
				CODE_SIGN_IDENTITY = "iPhone Developer";
				COPY_PHASE_STRIP = NO;
				DEBUG_INFORMATION_FORMAT = dwarf;
				ENABLE_STRICT_OBJC_MSGSEND = YES;
				ENABLE_TESTABILITY = YES;
				GCC_C_LANGUAGE_STANDARD = gnu11;
				GCC_DYNAMIC_NO_PIC = NO;
				GCC_NO_COMMON_BLOCKS = YES;
				GCC_OPTIMIZATION_LEVEL = 0;
				GCC_PREPROCESSOR_DEFINITIONS = (
					"DEBUG=1",
					"$(inherited)",
				);
				GCC_WARN_64_TO_32_BIT_CONVERSION = YES;
				GCC_WARN_ABOUT_RETURN_TYPE = YES_ERROR;
				GCC_WARN_UNDECLARED_SELECTOR = YES;
				GCC_WARN_UNINITIALIZED_AUTOS = YES_AGGRESSIVE;
				GCC_WARN_UNUSED_FUNCTION = YES;
				GCC_WARN_UNUSED_VARIABLE = YES;
				IPHONEOS_DEPLOYMENT_TARGET = 26.0;
				MTL_ENABLE_DEBUG_INFO = YES;
				ONLY_ACTIVE_ARCH = YES;
				SDKROOT = iphoneos;
				SWIFT_ACTIVE_COMPILATION_CONDITIONS = DEBUG;
				SWIFT_EMIT_LOC_STRINGS = YES;
				SWIFT_OPTIMIZATION_LEVEL = "-Onone";
			};
			name = Debug;
		};
		BF22F46F20DE6E4D00B56F99 /* Release */ = {
			isa = XCBuildConfiguration;
			buildSettings = {
				ALWAYS_SEARCH_USER_PATHS = NO;
				CLANG_ANALYZER_LOCALIZABILITY_NONLOCALIZED = YES;
				CLANG_ANALYZER_NONNULL = YES;
				CLANG_ANALYZER_NUMBER_OBJECT_CONVERSION = YES_AGGRESSIVE;
				CLANG_CXX_LANGUAGE_STANDARD = "gnu++14";
				CLANG_CXX_LIBRARY = "libc++";
				CLANG_ENABLE_MODULES = YES;
				CLANG_ENABLE_OBJC_ARC = YES;
				CLANG_ENABLE_OBJC_WEAK = YES;
				CLANG_WARN_BLOCK_CAPTURE_AUTORELEASING = YES;
				CLANG_WARN_BOOL_CONVERSION = YES;
				CLANG_WARN_COMMA = YES;
				CLANG_WARN_CONSTANT_CONVERSION = YES;
				CLANG_WARN_DEPRECATED_OBJC_IMPLEMENTATIONS = YES;
				CLANG_WARN_DIRECT_OBJC_ISA_USAGE = YES_ERROR;
				CLANG_WARN_DOCUMENTATION_COMMENTS = YES;
				CLANG_WARN_EMPTY_BODY = YES;
				CLANG_WARN_ENUM_CONVERSION = YES;
				CLANG_WARN_INFINITE_RECURSION = YES;
				CLANG_WARN_INT_CONVERSION = YES;
				CLANG_WARN_NON_LITERAL_NULL_CONVERSION = YES;
				CLANG_WARN_OBJC_IMPLICIT_RETAIN_SELF = YES;
				CLANG_WARN_OBJC_LITERAL_CONVERSION = YES;
				CLANG_WARN_OBJC_ROOT_CLASS = YES_ERROR;
				CLANG_WARN_RANGE_LOOP_ANALYSIS = YES;
				CLANG_WARN_STRICT_PROTOTYPES = YES;
				CLANG_WARN_SUSPICIOUS_MOVE = YES;
				CLANG_WARN_UNGUARDED_AVAILABILITY = YES_AGGRESSIVE;
				CLANG_WARN_UNREACHABLE_CODE = YES;
				CLANG_WARN__DUPLICATE_METHOD_MATCH = YES;
				CODE_SIGN_IDENTITY = "iPhone Developer";
				COPY_PHASE_STRIP = NO;
				DEBUG_INFORMATION_FORMAT = "dwarf-with-dsym";
				ENABLE_NS_ASSERTIONS = NO;
				ENABLE_STRICT_OBJC_MSGSEND = YES;
				GCC_C_LANGUAGE_STANDARD = gnu11;
				GCC_NO_COMMON_BLOCKS = YES;
				GCC_WARN_64_TO_32_BIT_CONVERSION = YES;
				GCC_WARN_ABOUT_RETURN_TYPE = YES_ERROR;
				GCC_WARN_UNDECLARED_SELECTOR = YES;
				GCC_WARN_UNINITIALIZED_AUTOS = YES_AGGRESSIVE;
				GCC_WARN_UNUSED_FUNCTION = YES;
				GCC_WARN_UNUSED_VARIABLE = YES;
				IPHONEOS_DEPLOYMENT_TARGET = 26.0;
				MTL_ENABLE_DEBUG_INFO = NO;
				SDKROOT = iphoneos;
				SWIFT_COMPILATION_MODE = wholemodule;
				SWIFT_EMIT_LOC_STRINGS = YES;
				SWIFT_OPTIMIZATION_LEVEL = "-O";
				VALIDATE_PRODUCT = YES;
			};
			name = Release;
		};
		BF22F47120DE6E4D00B56F99 /* Debug */ = {
			isa = XCBuildConfiguration;
			buildSettings = {
				ASSETCATALOG_COMPILER_APPICON_NAME = AppIcon;
				CODE_SIGN_ENTITLEMENTS = Likehate/SupportingFiles/Likehate.entitlements;
				CODE_SIGN_STYLE = Automatic;
				CURRENT_PROJECT_VERSION = 15;
				DEVELOPMENT_TEAM = 9R4W53MKG7;
				INFOPLIST_FILE = Likehate/SupportingFiles/Info.plist;
				LD_RUNPATH_SEARCH_PATHS = (
					"$(inherited)",
					"@executable_path/Frameworks",
				);
				MARKETING_VERSION = 5.3.0;
				OTHER_LDFLAGS = "-ObjC";
				PRODUCT_BUNDLE_IDENTIFIER = myfirst.Likehate;
				PRODUCT_NAME = "$(TARGET_NAME)";
				SWIFT_VERSION = 6.0;
				TARGETED_DEVICE_FAMILY = "1,2";
				VERSIONING_SYSTEM = "apple-generic";
			};
			name = Debug;
		};
		BF22F47220DE6E4D00B56F99 /* Release */ = {
			isa = XCBuildConfiguration;
			buildSettings = {
				ASSETCATALOG_COMPILER_APPICON_NAME = AppIcon;
				CODE_SIGN_ENTITLEMENTS = Likehate/SupportingFiles/Likehate.entitlements;
				CODE_SIGN_STYLE = Automatic;
				CURRENT_PROJECT_VERSION = 15;
				DEVELOPMENT_TEAM = 9R4W53MKG7;
				INFOPLIST_FILE = Likehate/SupportingFiles/Info.plist;
				LD_RUNPATH_SEARCH_PATHS = (
					"$(inherited)",
					"@executable_path/Frameworks",
				);
				MARKETING_VERSION = 5.3.0;
				OTHER_LDFLAGS = "-ObjC";
				PRODUCT_BUNDLE_IDENTIFIER = myfirst.Likehate;
				PRODUCT_NAME = "$(TARGET_NAME)";
				SWIFT_VERSION = 6.0;
				TARGETED_DEVICE_FAMILY = "1,2";
				VERSIONING_SYSTEM = "apple-generic";
			};
			name = Release;
		};
		BF9000012FD000000000000B /* Debug */ = {
			isa = XCBuildConfiguration;
			buildSettings = {
				BUNDLE_LOADER = "$(TEST_HOST)";
				CODE_SIGN_STYLE = Automatic;
				CURRENT_PROJECT_VERSION = 1;
				DEVELOPMENT_TEAM = 9R4W53MKG7;
				GENERATE_INFOPLIST_FILE = YES;
				IPHONEOS_DEPLOYMENT_TARGET = 26.0;
				LD_RUNPATH_SEARCH_PATHS = (
					"$(inherited)",
					"@executable_path/Frameworks",
					"@loader_path/Frameworks",
				);
				MARKETING_VERSION = 1.0;
				PRODUCT_BUNDLE_IDENTIFIER = myfirst.LikehateTests;
				PRODUCT_NAME = "$(TARGET_NAME)";
				SWIFT_VERSION = 6.0;
				TARGETED_DEVICE_FAMILY = "1,2";
				TEST_HOST = "$(BUILT_PRODUCTS_DIR)/Likehate.app/$(BUNDLE_EXECUTABLE_FOLDER_PATH)/Likehate";
			};
			name = Debug;
		};
		BF9000012FD000000000000C /* Release */ = {
			isa = XCBuildConfiguration;
			buildSettings = {
				BUNDLE_LOADER = "$(TEST_HOST)";
				CODE_SIGN_STYLE = Automatic;
				CURRENT_PROJECT_VERSION = 1;
				DEVELOPMENT_TEAM = 9R4W53MKG7;
				GENERATE_INFOPLIST_FILE = YES;
				IPHONEOS_DEPLOYMENT_TARGET = 26.0;
				LD_RUNPATH_SEARCH_PATHS = (
					"$(inherited)",
					"@executable_path/Frameworks",
					"@loader_path/Frameworks",
				);
				MARKETING_VERSION = 1.0;
				PRODUCT_BUNDLE_IDENTIFIER = myfirst.LikehateTests;
				PRODUCT_NAME = "$(TARGET_NAME)";
				SWIFT_VERSION = 6.0;
				TARGETED_DEVICE_FAMILY = "1,2";
				TEST_HOST = "$(BUILT_PRODUCTS_DIR)/Likehate.app/$(BUNDLE_EXECUTABLE_FOLDER_PATH)/Likehate";
			};
			name = Release;
		};
/* End XCBuildConfiguration section */

/* Begin XCConfigurationList section */
		BF22F45920DE6E4C00B56F99 /* Build configuration list for PBXProject "Likehate" */ = {
			isa = XCConfigurationList;
			buildConfigurations = (
				BF22F46E20DE6E4D00B56F99 /* Debug */,
				BF22F46F20DE6E4D00B56F99 /* Release */,
			);
			defaultConfigurationIsVisible = 0;
			defaultConfigurationName = Release;
		};
		BF22F47020DE6E4D00B56F99 /* Build configuration list for PBXNativeTarget "Likehate" */ = {
			isa = XCConfigurationList;
			buildConfigurations = (
				BF22F47120DE6E4D00B56F99 /* Debug */,
				BF22F47220DE6E4D00B56F99 /* Release */,
			);
			defaultConfigurationIsVisible = 0;
			defaultConfigurationName = Release;
		};
		BF9000012FD0000000000008 /* Build configuration list for PBXNativeTarget "LikehateTests" */ = {
			isa = XCConfigurationList;
			buildConfigurations = (
				BF9000012FD000000000000B /* Debug */,
				BF9000012FD000000000000C /* Release */,
			);
			defaultConfigurationIsVisible = 0;
			defaultConfigurationName = Release;
		};
/* End XCConfigurationList section */

/* Begin XCRemoteSwiftPackageReference section */
		5CD461D7A376B73001764048 /* XCRemoteSwiftPackageReference "LicenseList" */ = {
			isa = XCRemoteSwiftPackageReference;
			repositoryURL = "https://github.com/cybozu/LicenseList";
			requirement = {
				kind = upToNextMajorVersion;
				minimumVersion = 2.5.0;
			};
		};
		BF0000010000000000000021 /* XCRemoteSwiftPackageReference "swift-package-manager-google-mobile-ads" */ = {
			isa = XCRemoteSwiftPackageReference;
			repositoryURL = "https://github.com/googleads/swift-package-manager-google-mobile-ads.git";
			requirement = {
				kind = upToNextMajorVersion;
				minimumVersion = 13.3.0;
			};
		};
		BF0000010000000000000022 /* XCRemoteSwiftPackageReference "firebase-ios-sdk" */ = {
			isa = XCRemoteSwiftPackageReference;
			repositoryURL = "https://github.com/firebase/firebase-ios-sdk";
			requirement = {
				kind = upToNextMajorVersion;
				minimumVersion = 12.0.0;
			};
		};
		BF0000010000000000000023 /* XCRemoteSwiftPackageReference "lottie-spm" */ = {
			isa = XCRemoteSwiftPackageReference;
			repositoryURL = "https://github.com/airbnb/lottie-spm.git";
			requirement = {
				kind = upToNextMajorVersion;
				minimumVersion = 4.5.1;
			};
		};
		BF083AD92FCDE83B00C67F9D /* XCRemoteSwiftPackageReference "TOCropViewController" */ = {
			isa = XCRemoteSwiftPackageReference;
			repositoryURL = "https://github.com/TimOliver/TOCropViewController";
			requirement = {
				kind = upToNextMajorVersion;
				minimumVersion = 3.1.2;
			};
		};
		BF083D792FD312C300C67F9D /* XCRemoteSwiftPackageReference "purchases-ios" */ = {
			isa = XCRemoteSwiftPackageReference;
			repositoryURL = "https://github.com/RevenueCat/purchases-ios";
			requirement = {
				kind = upToNextMajorVersion;
				minimumVersion = 5.77.0;
			};
		};
/* End XCRemoteSwiftPackageReference section */

/* Begin XCSwiftPackageProductDependency section */
		817CECA0E7AC3E4347819AAC /* LicenseList */ = {
			isa = XCSwiftPackageProductDependency;
			package = 5CD461D7A376B73001764048 /* XCRemoteSwiftPackageReference "LicenseList" */;
			productName = LicenseList;
		};
		BF0000010000000000000011 /* GoogleMobileAds */ = {
			isa = XCSwiftPackageProductDependency;
			package = BF0000010000000000000021 /* XCRemoteSwiftPackageReference "swift-package-manager-google-mobile-ads" */;
			productName = GoogleMobileAds;
		};
		BF0000010000000000000012 /* FirebaseCore */ = {
			isa = XCSwiftPackageProductDependency;
			package = BF0000010000000000000022 /* XCRemoteSwiftPackageReference "firebase-ios-sdk" */;
			productName = FirebaseCore;
		};
		BF0000010000000000000013 /* FirebaseAnalytics */ = {
			isa = XCSwiftPackageProductDependency;
			package = BF0000010000000000000022 /* XCRemoteSwiftPackageReference "firebase-ios-sdk" */;
			productName = FirebaseAnalytics;
		};
		BF0000010000000000000014 /* FirebaseRemoteConfig */ = {
			isa = XCSwiftPackageProductDependency;
			package = BF0000010000000000000022 /* XCRemoteSwiftPackageReference "firebase-ios-sdk" */;
			productName = FirebaseRemoteConfig;
		};
		BF0000010000000000000016 /* Lottie */ = {
			isa = XCSwiftPackageProductDependency;
			package = BF0000010000000000000023 /* XCRemoteSwiftPackageReference "lottie-spm" */;
			productName = Lottie;
		};
		BF083ADA2FCDE83B00C67F9D /* CropViewController */ = {
			isa = XCSwiftPackageProductDependency;
			package = BF083AD92FCDE83B00C67F9D /* XCRemoteSwiftPackageReference "TOCropViewController" */;
			productName = CropViewController;
		};
		BF083ADC2FCDE83B00C67F9D /* TOCropViewController */ = {
			isa = XCSwiftPackageProductDependency;
			package = BF083AD92FCDE83B00C67F9D /* XCRemoteSwiftPackageReference "TOCropViewController" */;
			productName = TOCropViewController;
		};
		BF083D7A2FD312C300C67F9D /* RevenueCat */ = {
			isa = XCSwiftPackageProductDependency;
			package = BF083D792FD312C300C67F9D /* XCRemoteSwiftPackageReference "purchases-ios" */;
			productName = RevenueCat;
		};
/* End XCSwiftPackageProductDependency section */
	};
	rootObject = BF22F45620DE6E4C00B56F99 /* Project object */;
}
