// !$*UTF8*$!
{
	archiveVersion = 1;
	classes = {
	};
	objectVersion = 54;
	objects = {

/* Begin PBXBuildFile section */
		BF0000010000000000000001 /* GoogleMobileAds in Frameworks */ = {isa = PBXBuildFile; productRef = BF0000010000000000000011 /* GoogleMobileAds */; };
		BF0000010000000000000002 /* FirebaseCore in Frameworks */ = {isa = PBXBuildFile; productRef = BF0000010000000000000012 /* FirebaseCore */; };
		BF0000010000000000000003 /* FirebaseAnalytics in Frameworks */ = {isa = PBXBuildFile; productRef = BF0000010000000000000013 /* FirebaseAnalytics */; };
		BF0000010000000000000004 /* FirebaseRemoteConfig in Frameworks */ = {isa = PBXBuildFile; productRef = BF0000010000000000000014 /* FirebaseRemoteConfig */; };
		BF0000010000000000000005 /* FirebaseMessaging in Frameworks */ = {isa = PBXBuildFile; productRef = BF0000010000000000000015 /* FirebaseMessaging */; };
		BF0000010000000000000006 /* Lottie in Frameworks */ = {isa = PBXBuildFile; productRef = BF0000010000000000000016 /* Lottie */; };
		BF0000010000000000000007 /* SwiftyStoreKit in Frameworks */ = {isa = PBXBuildFile; productRef = BF0000010000000000000017 /* SwiftyStoreKit */; };
		BF0000010000000000000009 /* LikehateApp.swift in Sources */ = {isa = PBXBuildFile; fileRef = BF0000010000000000000019 /* LikehateApp.swift */; };
		BF000001000000000000000A /* Models.swift in Sources */ = {isa = PBXBuildFile; fileRef = BF000001000000000000001A /* Models.swift */; };
		BF000001000000000000000B /* LikeHateStore.swift in Sources */ = {isa = PBXBuildFile; fileRef = BF000001000000000000001B /* LikeHateStore.swift */; };
		BF000001000000000000000C /* AppServices.swift in Sources */ = {isa = PBXBuildFile; fileRef = BF000001000000000000001C /* AppServices.swift */; };
		BF000001000000000000000D /* LottieLoopView.swift in Sources */ = {isa = PBXBuildFile; fileRef = BF000001000000000000001D /* LottieLoopView.swift */; };
		BF000001000000000000000E /* AdMobViews.swift in Sources */ = {isa = PBXBuildFile; fileRef = BF000001000000000000001E /* AdMobViews.swift */; };
		BF000001000000000000000F /* HomeView.swift in Sources */ = {isa = PBXBuildFile; fileRef = BF000001000000000000001F /* HomeView.swift */; };
		BF0000010000000000000010 /* EntryViews.swift in Sources */ = {isa = PBXBuildFile; fileRef = BF0000010000000000000020 /* EntryViews.swift */; };
		BF0000010000000000000025 /* SettingsView.swift in Sources */ = {isa = PBXBuildFile; fileRef = BF0000010000000000000026 /* SettingsView.swift */; };
		BF1CE8CC22D5B76000ACF7F8 /* earth.json in Resources */ = {isa = PBXBuildFile; fileRef = BF1CE8CB22D5B76000ACF7F8 /* earth.json */; };
		BF22F46220DE6E4C00B56F99 /* AppDelegate.swift in Sources */ = {isa = PBXBuildFile; fileRef = BF22F46120DE6E4C00B56F99 /* AppDelegate.swift */; };
		BF22F46920DE6E4D00B56F99 /* Assets.xcassets in Resources */ = {isa = PBXBuildFile; fileRef = BF22F46820DE6E4D00B56F99 /* Assets.xcassets */; };
		BF2668192FB96F6400DA9BBF /* Localizable.xcstrings in Resources */ = {isa = PBXBuildFile; fileRef = BF2668182FB96F6400DA9BBF /* Localizable.xcstrings */; };
		BF26681B2FB96F6400DA9BBF /* InfoPlist.xcstrings in Resources */ = {isa = PBXBuildFile; fileRef = BF26681A2FB96F6400DA9BBF /* InfoPlist.xcstrings */; };
		BF26681D2FB984A400DA9BBF /* GoogleService-Info.plist in Resources */ = {isa = PBXBuildFile; fileRef = BF26681C2FB984A400DA9BBF /* GoogleService-Info.plist */; };
		BF26681F2FB984BA00DA9BBF /* KiraKira.json in Resources */ = {isa = PBXBuildFile; fileRef = BF26681E2FB984B900DA9BBF /* KiraKira.json */; };
		BF2FB15923110C040033C104 /* MaruZukei.json in Resources */ = {isa = PBXBuildFile; fileRef = BF2FB15623110C040033C104 /* MaruZukei.json */; };
		BF2FB15A23110C040033C104 /* Zukei.json in Resources */ = {isa = PBXBuildFile; fileRef = BF2FB15723110C040033C104 /* Zukei.json */; };
		BF2FB15D231111270033C104 /* Henka.json in Resources */ = {isa = PBXBuildFile; fileRef = BF2FB15C231111270033C104 /* Henka.json */; };
		BF2FB15F2311169A0033C104 /* Patch.json in Resources */ = {isa = PBXBuildFile; fileRef = BF2FB15E2311169A0033C104 /* Patch.json */; };
		BF2FB1612311170C0033C104 /* Egg.json in Resources */ = {isa = PBXBuildFile; fileRef = BF2FB1602311170C0033C104 /* Egg.json */; };
		BF2FB163231117FD0033C104 /* Good.json in Resources */ = {isa = PBXBuildFile; fileRef = BF2FB162231117FD0033C104 /* Good.json */; };
		BF2FB16523111AFB0033C104 /* MaruKuru.json in Resources */ = {isa = PBXBuildFile; fileRef = BF2FB16423111AFA0033C104 /* MaruKuru.json */; };
		BF4323D122D497B0008DF038 /* NotificationNames.swift in Sources */ = {isa = PBXBuildFile; fileRef = BF4323D022D497B0008DF038 /* NotificationNames.swift */; };
		BF4323D522D4A026008DF038 /* Kaminari.json in Resources */ = {isa = PBXBuildFile; fileRef = BF4323D422D4A025008DF038 /* Kaminari.json */; };
		BFE2138622D1A67E00132D44 /* Fuwa.json in Resources */ = {isa = PBXBuildFile; fileRef = BFE2138522D1A67E00132D44 /* Fuwa.json */; };
		BFE2138822D1A6C000132D44 /* KuruKuru.json in Resources */ = {isa = PBXBuildFile; fileRef = BFE2138722D1A6C000132D44 /* KuruKuru.json */; };
		BFE2138A22D1A70800132D44 /* MoreHarts.json in Resources */ = {isa = PBXBuildFile; fileRef = BFE2138922D1A70800132D44 /* MoreHarts.json */; };
/* End PBXBuildFile section */

/* Begin PBXFileReference section */
		BF0000010000000000000019 /* LikehateApp.swift */ = {isa = PBXFileReference; lastKnownFileType = sourcecode.swift; path = LikehateApp.swift; sourceTree = "<group>"; };
		BF000001000000000000001A /* Models.swift */ = {isa = PBXFileReference; lastKnownFileType = sourcecode.swift; path = Models.swift; sourceTree = "<group>"; };
		BF000001000000000000001B /* LikeHateStore.swift */ = {isa = PBXFileReference; lastKnownFileType = sourcecode.swift; path = LikeHateStore.swift; sourceTree = "<group>"; };
		BF000001000000000000001C /* AppServices.swift */ = {isa = PBXFileReference; lastKnownFileType = sourcecode.swift; path = AppServices.swift; sourceTree = "<group>"; };
		BF000001000000000000001D /* LottieLoopView.swift */ = {isa = PBXFileReference; lastKnownFileType = sourcecode.swift; path = LottieLoopView.swift; sourceTree = "<group>"; };
		BF000001000000000000001E /* AdMobViews.swift */ = {isa = PBXFileReference; lastKnownFileType = sourcecode.swift; path = AdMobViews.swift; sourceTree = "<group>"; };
		BF000001000000000000001F /* HomeView.swift */ = {isa = PBXFileReference; lastKnownFileType = sourcecode.swift; path = HomeView.swift; sourceTree = "<group>"; };
		BF0000010000000000000020 /* EntryViews.swift */ = {isa = PBXFileReference; lastKnownFileType = sourcecode.swift; path = EntryViews.swift; sourceTree = "<group>"; };
		BF0000010000000000000026 /* SettingsView.swift */ = {isa = PBXFileReference; lastKnownFileType = sourcecode.swift; path = SettingsView.swift; sourceTree = "<group>"; };
		BF1CE8CB22D5B76000ACF7F8 /* earth.json */ = {isa = PBXFileReference; fileEncoding = 4; lastKnownFileType = text.json; path = earth.json; sourceTree = "<group>"; };
		BF22F45E20DE6E4C00B56F99 /* Likehate.app */ = {isa = PBXFileReference; explicitFileType = wrapper.application; includeInIndex = 0; path = Likehate.app; sourceTree = BUILT_PRODUCTS_DIR; };
		BF22F46120DE6E4C00B56F99 /* AppDelegate.swift */ = {isa = PBXFileReference; lastKnownFileType = sourcecode.swift; path = AppDelegate.swift; sourceTree = "<group>"; };
		BF22F46820DE6E4D00B56F99 /* Assets.xcassets */ = {isa = PBXFileReference; lastKnownFileType = folder.assetcatalog; path = Assets.xcassets; sourceTree = "<group>"; };
		BF22F46D20DE6E4D00B56F99 /* Info.plist */ = {isa = PBXFileReference; lastKnownFileType = text.plist.xml; path = Info.plist; sourceTree = "<group>"; };
		BF2668182FB96F6400DA9BBF /* Localizable.xcstrings */ = {isa = PBXFileReference; lastKnownFileType = text.json.xcstrings; path = Localizable.xcstrings; sourceTree = "<group>"; };
		BF26681A2FB96F6400DA9BBF /* InfoPlist.xcstrings */ = {isa = PBXFileReference; lastKnownFileType = text.json.xcstrings; path = InfoPlist.xcstrings; sourceTree = "<group>"; };
		BF26681C2FB984A400DA9BBF /* GoogleService-Info.plist */ = {isa = PBXFileReference; lastKnownFileType = text.plist.xml; path = "GoogleService-Info.plist"; sourceTree = "<group>"; };
		BF26681E2FB984B900DA9BBF /* KiraKira.json */ = {isa = PBXFileReference; lastKnownFileType = text.json; path = KiraKira.json; sourceTree = "<group>"; };
		BF2FB15623110C040033C104 /* MaruZukei.json */ = {isa = PBXFileReference; fileEncoding = 4; lastKnownFileType = text.json; path = MaruZukei.json; sourceTree = "<group>"; };
		BF2FB15723110C040033C104 /* Zukei.json */ = {isa = PBXFileReference; fileEncoding = 4; lastKnownFileType = text.json; path = Zukei.json; sourceTree = "<group>"; };
		BF2FB15C231111270033C104 /* Henka.json */ = {isa = PBXFileReference; fileEncoding = 4; lastKnownFileType = text.json; path = Henka.json; sourceTree = "<group>"; };
		BF2FB15E2311169A0033C104 /* Patch.json */ = {isa = PBXFileReference; fileEncoding = 4; lastKnownFileType = text.json; path = Patch.json; sourceTree = "<group>"; };
		BF2FB1602311170C0033C104 /* Egg.json */ = {isa = PBXFileReference; fileEncoding = 4; lastKnownFileType = text.json; path = Egg.json; sourceTree = "<group>"; };
		BF2FB162231117FD0033C104 /* Good.json */ = {isa = PBXFileReference; fileEncoding = 4; lastKnownFileType = text.json; path = Good.json; sourceTree = "<group>"; };
		BF2FB16423111AFA0033C104 /* MaruKuru.json */ = {isa = PBXFileReference; fileEncoding = 4; lastKnownFileType = text.json; path = MaruKuru.json; sourceTree = "<group>"; };
		BF4323D022D497B0008DF038 /* NotificationNames.swift */ = {isa = PBXFileReference; lastKnownFileType = sourcecode.swift; path = NotificationNames.swift; sourceTree = "<group>"; };
		BF4323D422D4A025008DF038 /* Kaminari.json */ = {isa = PBXFileReference; fileEncoding = 4; lastKnownFileType = text.json; path = Kaminari.json; sourceTree = "<group>"; };
		BFE2138522D1A67E00132D44 /* Fuwa.json */ = {isa = PBXFileReference; fileEncoding = 4; lastKnownFileType = text.json; path = Fuwa.json; sourceTree = "<group>"; };
		BFE2138722D1A6C000132D44 /* KuruKuru.json */ = {isa = PBXFileReference; fileEncoding = 4; lastKnownFileType = text.json; path = KuruKuru.json; sourceTree = "<group>"; };
		BFE2138922D1A70800132D44 /* MoreHarts.json */ = {isa = PBXFileReference; fileEncoding = 4; lastKnownFileType = text.json; path = MoreHarts.json; sourceTree = "<group>"; };
		BFE2138B22D1B7B600132D44 /* Likehate.entitlements */ = {isa = PBXFileReference; lastKnownFileType = text.plist.entitlements; path = Likehate.entitlements; sourceTree = "<group>"; };
/* End PBXFileReference section */

/* Begin PBXFrameworksBuildPhase section */
		BF22F45B20DE6E4C00B56F99 /* Frameworks */ = {
			isa = PBXFrameworksBuildPhase;
			buildActionMask = 2147483647;
			files = (
				BF0000010000000000000002 /* FirebaseCore in Frameworks */,
				BF0000010000000000000003 /* FirebaseAnalytics in Frameworks */,
				BF0000010000000000000004 /* FirebaseRemoteConfig in Frameworks */,
				BF0000010000000000000005 /* FirebaseMessaging in Frameworks */,
				BF0000010000000000000001 /* GoogleMobileAds in Frameworks */,
				BF0000010000000000000006 /* Lottie in Frameworks */,
				BF0000010000000000000007 /* SwiftyStoreKit in Frameworks */,
			);
			runOnlyForDeploymentPostprocessing = 0;
		};
/* End PBXFrameworksBuildPhase section */

/* Begin PBXGroup section */
		B776C712E8F6D795633683E9 /* Frameworks */ = {
			isa = PBXGroup;
			children = (
			);
			name = Frameworks;
			sourceTree = "<group>";
		};
		BF22F45520DE6E4C00B56F99 = {
			isa = PBXGroup;
			children = (
				BF22F46020DE6E4C00B56F99 /* Likehate */,
				BF22F45F20DE6E4C00B56F99 /* Products */,
				B776C712E8F6D795633683E9 /* Frameworks */,
			);
			sourceTree = "<group>";
		};
		BF22F45F20DE6E4C00B56F99 /* Products */ = {
			isa = PBXGroup;
			children = (
				BF22F45E20DE6E4C00B56F99 /* Likehate.app */,
			);
			name = Products;
			sourceTree = "<group>";
		};
		BF22F46020DE6E4C00B56F99 /* Likehate */ = {
			isa = PBXGroup;
			children = (
				BFE2138B22D1B7B600132D44 /* Likehate.entitlements */,
				BF0000010000000000000019 /* LikehateApp.swift */,
				BF000001000000000000001A /* Models.swift */,
				BF000001000000000000001B /* LikeHateStore.swift */,
				BF000001000000000000001C /* AppServices.swift */,
				BF000001000000000000001D /* LottieLoopView.swift */,
				BF26681C2FB984A400DA9BBF /* GoogleService-Info.plist */,
				BF000001000000000000001E /* AdMobViews.swift */,
				BF000001000000000000001F /* HomeView.swift */,
				BF0000010000000000000020 /* EntryViews.swift */,
				BF0000010000000000000026 /* SettingsView.swift */,
				BF22F46120DE6E4C00B56F99 /* AppDelegate.swift */,
				BF4323D022D497B0008DF038 /* NotificationNames.swift */,
				BFE2138422D1A67400132D44 /* Lottie */,
				BF26681A2FB96F6400DA9BBF /* InfoPlist.xcstrings */,
				BF2668182FB96F6400DA9BBF /* Localizable.xcstrings */,
				BF22F46820DE6E4D00B56F99 /* Assets.xcassets */,
				BF22F46D20DE6E4D00B56F99 /* Info.plist */,
			);
			path = Likehate;
			sourceTree = "<group>";
		};
		BFE2138422D1A67400132D44 /* Lottie */ = {
			isa = PBXGroup;
			children = (
				BF4323D422D4A025008DF038 /* Kaminari.json */,
				BFE2138522D1A67E00132D44 /* Fuwa.json */,
				BF26681E2FB984B900DA9BBF /* KiraKira.json */,
				BFE2138722D1A6C000132D44 /* KuruKuru.json */,
				BF1CE8CB22D5B76000ACF7F8 /* earth.json */,
				BFE2138922D1A70800132D44 /* MoreHarts.json */,
				BF2FB15623110C040033C104 /* MaruZukei.json */,
				BF2FB15723110C040033C104 /* Zukei.json */,
				BF2FB15E2311169A0033C104 /* Patch.json */,
				BF2FB15C231111270033C104 /* Henka.json */,
				BF2FB1602311170C0033C104 /* Egg.json */,
				BF2FB162231117FD0033C104 /* Good.json */,
				BF2FB16423111AFA0033C104 /* MaruKuru.json */,
			);
			path = Lottie;
			sourceTree = "<group>";
		};
/* End PBXGroup section */

/* Begin PBXNativeTarget section */
		BF22F45D20DE6E4C00B56F99 /* Likehate */ = {
			isa = PBXNativeTarget;
			buildConfigurationList = BF22F47020DE6E4D00B56F99 /* Build configuration list for PBXNativeTarget "Likehate" */;
			buildPhases = (
				BF22F45A20DE6E4C00B56F99 /* Sources */,
				BF22F45B20DE6E4C00B56F99 /* Frameworks */,
				BF22F45C20DE6E4C00B56F99 /* Resources */,
			);
			buildRules = (
			);
			dependencies = (
			);
			name = Likehate;
			packageProductDependencies = (
				BF0000010000000000000011 /* GoogleMobileAds */,
				BF0000010000000000000012 /* FirebaseCore */,
				BF0000010000000000000013 /* FirebaseAnalytics */,
				BF0000010000000000000014 /* FirebaseRemoteConfig */,
				BF0000010000000000000015 /* FirebaseMessaging */,
				BF0000010000000000000016 /* Lottie */,
				BF0000010000000000000017 /* SwiftyStoreKit */,
			);
			productName = Likehate;
			productReference = BF22F45E20DE6E4C00B56F99 /* Likehate.app */;
			productType = "com.apple.product-type.application";
		};
/* End PBXNativeTarget section */

/* Begin PBXProject section */
		BF22F45620DE6E4C00B56F99 /* Project object */ = {
			isa = PBXProject;
			attributes = {
				LastSwiftUpdateCheck = 1100;
				LastUpgradeCheck = 0940;
				ORGANIZATIONNAME = jun;
				TargetAttributes = {
					BF22F45D20DE6E4C00B56F99 = {
						CreatedOnToolsVersion = 9.4;
						SystemCapabilities = {
							com.apple.Push = {
								enabled = 1;
							};
						};
					};
				};
			};
			buildConfigurationList = BF22F45920DE6E4C00B56F99 /* Build configuration list for PBXProject "Likehate" */;
			compatibilityVersion = "Xcode 9.3";
			developmentRegion = en;
			hasScannedForEncodings = 0;
			knownRegions = (
				en,
				Base,
				ja,
				"zh-Hans",
				"zh-Hant",
				ko,
				el,
				fr,
				sv,
				ar,
				de,
			);
			mainGroup = BF22F45520DE6E4C00B56F99;
			packageReferences = (
				BF0000010000000000000021 /* XCRemoteSwiftPackageReference "swift-package-manager-google-mobile-ads" */,
				BF0000010000000000000022 /* XCRemoteSwiftPackageReference "firebase-ios-sdk" */,
				BF0000010000000000000023 /* XCRemoteSwiftPackageReference "lottie-spm" */,
				BF0000010000000000000024 /* XCRemoteSwiftPackageReference "SwiftyStoreKit" */,
			);
			productRefGroup = BF22F45F20DE6E4C00B56F99 /* Products */;
			projectDirPath = "";
			projectRoot = "";
			targets = (
				BF22F45D20DE6E4C00B56F99 /* Likehate */,
			);
		};
/* End PBXProject section */

/* Begin PBXResourcesBuildPhase section */
		BF22F45C20DE6E4C00B56F99 /* Resources */ = {
			isa = PBXResourcesBuildPhase;
			buildActionMask = 2147483647;
			files = (
				BF2FB15923110C040033C104 /* MaruZukei.json in Resources */,
				BF2FB15A23110C040033C104 /* Zukei.json in Resources */,
				BFE2138822D1A6C000132D44 /* KuruKuru.json in Resources */,
				BF2668192FB96F6400DA9BBF /* Localizable.xcstrings in Resources */,
				BF2FB16523111AFB0033C104 /* MaruKuru.json in Resources */,
				BF22F46920DE6E4D00B56F99 /* Assets.xcassets in Resources */,
				BF26681F2FB984BA00DA9BBF /* KiraKira.json in Resources */,
				BF2FB163231117FD0033C104 /* Good.json in Resources */,
				BF2FB1612311170C0033C104 /* Egg.json in Resources */,
				BF2FB15D231111270033C104 /* Henka.json in Resources */,
				BF26681B2FB96F6400DA9BBF /* InfoPlist.xcstrings in Resources */,
				BF2FB15F2311169A0033C104 /* Patch.json in Resources */,
				BF26681D2FB984A400DA9BBF /* GoogleService-Info.plist in Resources */,
				BFE2138622D1A67E00132D44 /* Fuwa.json in Resources */,
				BF4323D522D4A026008DF038 /* Kaminari.json in Resources */,
				BF1CE8CC22D5B76000ACF7F8 /* earth.json in Resources */,
				BFE2138A22D1A70800132D44 /* MoreHarts.json in Resources */,
			);
			runOnlyForDeploymentPostprocessing = 0;
		};
/* End PBXResourcesBuildPhase section */

/* Begin PBXSourcesBuildPhase section */
		BF22F45A20DE6E4C00B56F99 /* Sources */ = {
			isa = PBXSourcesBuildPhase;
			buildActionMask = 2147483647;
			files = (
				BF0000010000000000000009 /* LikehateApp.swift in Sources */,
				BF000001000000000000000A /* Models.swift in Sources */,
				BF000001000000000000000B /* LikeHateStore.swift in Sources */,
				BF000001000000000000000C /* AppServices.swift in Sources */,
				BF000001000000000000000D /* LottieLoopView.swift in Sources */,
				BF000001000000000000000E /* AdMobViews.swift in Sources */,
				BF000001000000000000000F /* HomeView.swift in Sources */,
				BF0000010000000000000010 /* EntryViews.swift in Sources */,
				BF0000010000000000000025 /* SettingsView.swift in Sources */,
				BF22F46220DE6E4C00B56F99 /* AppDelegate.swift in Sources */,
				BF4323D122D497B0008DF038 /* NotificationNames.swift in Sources */,
			);
			runOnlyForDeploymentPostprocessing = 0;
		};
/* End PBXSourcesBuildPhase section */

/* Begin XCBuildConfiguration section */
		BF22F46E20DE6E4D00B56F99 /* Debug */ = {
			isa = XCBuildConfiguration;
			buildSettings = {
				ALWAYS_SEARCH_USER_PATHS = NO;
				CLANG_ANALYZER_LOCALIZABILITY_NONLOCALIZED = YES;
				CLANG_ANALYZER_NONNULL = YES;
				CLANG_ANALYZER_NUMBER_OBJECT_CONVERSION = YES_AGGRESSIVE;
				CLANG_CXX_LANGUAGE_STANDARD = "gnu++14";
				CLANG_CXX_LIBRARY = "libc++";
				CLANG_ENABLE_MODULES = YES;
				CLANG_ENABLE_OBJC_ARC = YES;
				CLANG_ENABLE_OBJC_WEAK = YES;
				CLANG_WARN_BLOCK_CAPTURE_AUTORELEASING = YES;
				CLANG_WARN_BOOL_CONVERSION = YES;
				CLANG_WARN_COMMA = YES;
				CLANG_WARN_CONSTANT_CONVERSION = YES;
				CLANG_WARN_DEPRECATED_OBJC_IMPLEMENTATIONS = YES;
				CLANG_WARN_DIRECT_OBJC_ISA_USAGE = YES_ERROR;
				CLANG_WARN_DOCUMENTATION_COMMENTS = YES;
				CLANG_WARN_EMPTY_BODY = YES;
				CLANG_WARN_ENUM_CONVERSION = YES;
				CLANG_WARN_INFINITE_RECURSION = YES;
				CLANG_WARN_INT_CONVERSION = YES;
				CLANG_WARN_NON_LITERAL_NULL_CONVERSION = YES;
				CLANG_WARN_OBJC_IMPLICIT_RETAIN_SELF = YES;
				CLANG_WARN_OBJC_LITERAL_CONVERSION = YES;
				CLANG_WARN_OBJC_ROOT_CLASS = YES_ERROR;
				CLANG_WARN_RANGE_LOOP_ANALYSIS = YES;
				CLANG_WARN_STRICT_PROTOTYPES = YES;
				CLANG_WARN_SUSPICIOUS_MOVE = YES;
				CLANG_WARN_UNGUARDED_AVAILABILITY = YES_AGGRESSIVE;
				CLANG_WARN_UNREACHABLE_CODE = YES;
				CLANG_WARN__DUPLICATE_METHOD_MATCH = YES;
				CODE_SIGN_IDENTITY = "iPhone Developer";
				COPY_PHASE_STRIP = NO;
				DEBUG_INFORMATION_FORMAT = dwarf;
				ENABLE_STRICT_OBJC_MSGSEND = YES;
				ENABLE_TESTABILITY = YES;
				GCC_C_LANGUAGE_STANDARD = gnu11;
				GCC_DYNAMIC_NO_PIC = NO;
				GCC_NO_COMMON_BLOCKS = YES;
				GCC_OPTIMIZATION_LEVEL = 0;
				GCC_PREPROCESSOR_DEFINITIONS = (
					"DEBUG=1",
					"$(inherited)",
				);
				GCC_WARN_64_TO_32_BIT_CONVERSION = YES;
				GCC_WARN_ABOUT_RETURN_TYPE = YES_ERROR;
				GCC_WARN_UNDECLARED_SELECTOR = YES;
				GCC_WARN_UNINITIALIZED_AUTOS = YES_AGGRESSIVE;
				GCC_WARN_UNUSED_FUNCTION = YES;
				GCC_WARN_UNUSED_VARIABLE = YES;
				IPHONEOS_DEPLOYMENT_TARGET = 26.0;
				MTL_ENABLE_DEBUG_INFO = YES;
				ONLY_ACTIVE_ARCH = YES;
				SDKROOT = iphoneos;
				SWIFT_ACTIVE_COMPILATION_CONDITIONS = DEBUG;
				SWIFT_EMIT_LOC_STRINGS = YES;
				SWIFT_OPTIMIZATION_LEVEL = "-Onone";
			};
			name = Debug;
		};
		BF22F46F20DE6E4D00B56F99 /* Release */ = {
			isa = XCBuildConfiguration;
			buildSettings = {
				ALWAYS_SEARCH_USER_PATHS = NO;
				CLANG_ANALYZER_LOCALIZABILITY_NONLOCALIZED = YES;
				CLANG_ANALYZER_NONNULL = YES;
				CLANG_ANALYZER_NUMBER_OBJECT_CONVERSION = YES_AGGRESSIVE;
				CLANG_CXX_LANGUAGE_STANDARD = "gnu++14";
				CLANG_CXX_LIBRARY = "libc++";
				CLANG_ENABLE_MODULES = YES;
				CLANG_ENABLE_OBJC_ARC = YES;
				CLANG_ENABLE_OBJC_WEAK = YES;
				CLANG_WARN_BLOCK_CAPTURE_AUTORELEASING = YES;
				CLANG_WARN_BOOL_CONVERSION = YES;
				CLANG_WARN_COMMA = YES;
				CLANG_WARN_CONSTANT_CONVERSION = YES;
				CLANG_WARN_DEPRECATED_OBJC_IMPLEMENTATIONS = YES;
				CLANG_WARN_DIRECT_OBJC_ISA_USAGE = YES_ERROR;
				CLANG_WARN_DOCUMENTATION_COMMENTS = YES;
				CLANG_WARN_EMPTY_BODY = YES;
				CLANG_WARN_ENUM_CONVERSION = YES;
				CLANG_WARN_INFINITE_RECURSION = YES;
				CLANG_WARN_INT_CONVERSION = YES;
				CLANG_WARN_NON_LITERAL_NULL_CONVERSION = YES;
				CLANG_WARN_OBJC_IMPLICIT_RETAIN_SELF = YES;
				CLANG_WARN_OBJC_LITERAL_CONVERSION = YES;
				CLANG_WARN_OBJC_ROOT_CLASS = YES_ERROR;
				CLANG_WARN_RANGE_LOOP_ANALYSIS = YES;
				CLANG_WARN_STRICT_PROTOTYPES = YES;
				CLANG_WARN_SUSPICIOUS_MOVE = YES;
				CLANG_WARN_UNGUARDED_AVAILABILITY = YES_AGGRESSIVE;
				CLANG_WARN_UNREACHABLE_CODE = YES;
				CLANG_WARN__DUPLICATE_METHOD_MATCH = YES;
				CODE_SIGN_IDENTITY = "iPhone Developer";
				COPY_PHASE_STRIP = NO;
				DEBUG_INFORMATION_FORMAT = "dwarf-with-dsym";
				ENABLE_NS_ASSERTIONS = NO;
				ENABLE_STRICT_OBJC_MSGSEND = YES;
				GCC_C_LANGUAGE_STANDARD = gnu11;
				GCC_NO_COMMON_BLOCKS = YES;
				GCC_WARN_64_TO_32_BIT_CONVERSION = YES;
				GCC_WARN_ABOUT_RETURN_TYPE = YES_ERROR;
				GCC_WARN_UNDECLARED_SELECTOR = YES;
				GCC_WARN_UNINITIALIZED_AUTOS = YES_AGGRESSIVE;
				GCC_WARN_UNUSED_FUNCTION = YES;
				GCC_WARN_UNUSED_VARIABLE = YES;
				IPHONEOS_DEPLOYMENT_TARGET = 26.0;
				MTL_ENABLE_DEBUG_INFO = NO;
				SDKROOT = iphoneos;
				SWIFT_COMPILATION_MODE = wholemodule;
				SWIFT_EMIT_LOC_STRINGS = YES;
				SWIFT_OPTIMIZATION_LEVEL = "-O";
				VALIDATE_PRODUCT = YES;
			};
			name = Release;
		};
		BF22F47120DE6E4D00B56F99 /* Debug */ = {
			isa = XCBuildConfiguration;
			buildSettings = {
				ASSETCATALOG_COMPILER_APPICON_NAME = AppIcon;
				CODE_SIGN_ENTITLEMENTS = Likehate/Likehate.entitlements;
				CODE_SIGN_STYLE = Automatic;
				CURRENT_PROJECT_VERSION = 14;
				DEVELOPMENT_TEAM = 9R4W53MKG7;
				INFOPLIST_FILE = Likehate/Info.plist;
				LD_RUNPATH_SEARCH_PATHS = (
					"$(inherited)",
					"@executable_path/Frameworks",
				);
				MARKETING_VERSION = 3.0;
				OTHER_LDFLAGS = "-ObjC";
				PRODUCT_BUNDLE_IDENTIFIER = myfirst.Likehate;
				PRODUCT_NAME = "$(TARGET_NAME)";
				SWIFT_VERSION = 5.0;
				TARGETED_DEVICE_FAMILY = "1,2";
				VERSIONING_SYSTEM = "apple-generic";
			};
			name = Debug;
		};
		BF22F47220DE6E4D00B56F99 /* Release */ = {
			isa = XCBuildConfiguration;
			buildSettings = {
				ASSETCATALOG_COMPILER_APPICON_NAME = AppIcon;
				CODE_SIGN_ENTITLEMENTS = Likehate/Likehate.entitlements;
				CODE_SIGN_STYLE = Automatic;
				CURRENT_PROJECT_VERSION = 14;
				DEVELOPMENT_TEAM = 9R4W53MKG7;
				INFOPLIST_FILE = Likehate/Info.plist;
				LD_RUNPATH_SEARCH_PATHS = (
					"$(inherited)",
					"@executable_path/Frameworks",
				);
				MARKETING_VERSION = 3.0;
				OTHER_LDFLAGS = "-ObjC";
				PRODUCT_BUNDLE_IDENTIFIER = myfirst.Likehate;
				PRODUCT_NAME = "$(TARGET_NAME)";
				SWIFT_VERSION = 5.0;
				TARGETED_DEVICE_FAMILY = "1,2";
				VERSIONING_SYSTEM = "apple-generic";
			};
			name = Release;
		};
/* End XCBuildConfiguration section */

/* Begin XCConfigurationList section */
		BF22F45920DE6E4C00B56F99 /* Build configuration list for PBXProject "Likehate" */ = {
			isa = XCConfigurationList;
			buildConfigurations = (
				BF22F46E20DE6E4D00B56F99 /* Debug */,
				BF22F46F20DE6E4D00B56F99 /* Release */,
			);
			defaultConfigurationIsVisible = 0;
			defaultConfigurationName = Release;
		};
		BF22F47020DE6E4D00B56F99 /* Build configuration list for PBXNativeTarget "Likehate" */ = {
			isa = XCConfigurationList;
			buildConfigurations = (
				BF22F47120DE6E4D00B56F99 /* Debug */,
				BF22F47220DE6E4D00B56F99 /* Release */,
			);
			defaultConfigurationIsVisible = 0;
			defaultConfigurationName = Release;
		};
/* End XCConfigurationList section */

/* Begin XCRemoteSwiftPackageReference section */
		BF0000010000000000000021 /* XCRemoteSwiftPackageReference "swift-package-manager-google-mobile-ads" */ = {
			isa = XCRemoteSwiftPackageReference;
			repositoryURL = "https://github.com/googleads/swift-package-manager-google-mobile-ads.git";
			requirement = {
				kind = upToNextMajorVersion;
				minimumVersion = 13.3.0;
			};
		};
		BF0000010000000000000022 /* XCRemoteSwiftPackageReference "firebase-ios-sdk" */ = {
			isa = XCRemoteSwiftPackageReference;
			repositoryURL = "https://github.com/firebase/firebase-ios-sdk";
			requirement = {
				kind = upToNextMajorVersion;
				minimumVersion = 12.0.0;
			};
		};
		BF0000010000000000000023 /* XCRemoteSwiftPackageReference "lottie-spm" */ = {
			isa = XCRemoteSwiftPackageReference;
			repositoryURL = "https://github.com/airbnb/lottie-spm.git";
			requirement = {
				kind = upToNextMajorVersion;
				minimumVersion = 4.5.1;
			};
		};
		BF0000010000000000000024 /* XCRemoteSwiftPackageReference "SwiftyStoreKit" */ = {
			isa = XCRemoteSwiftPackageReference;
			repositoryURL = "https://github.com/bizz84/SwiftyStoreKit.git";
			requirement = {
				kind = upToNextMajorVersion;
				minimumVersion = 0.16.4;
			};
		};
/* End XCRemoteSwiftPackageReference section */

/* Begin XCSwiftPackageProductDependency section */
		BF0000010000000000000011 /* GoogleMobileAds */ = {
			isa = XCSwiftPackageProductDependency;
			package = BF0000010000000000000021 /* XCRemoteSwiftPackageReference "swift-package-manager-google-mobile-ads" */;
			productName = GoogleMobileAds;
		};
		BF0000010000000000000012 /* FirebaseCore */ = {
			isa = XCSwiftPackageProductDependency;
			package = BF0000010000000000000022 /* XCRemoteSwiftPackageReference "firebase-ios-sdk" */;
			productName = FirebaseCore;
		};
		BF0000010000000000000013 /* FirebaseAnalytics */ = {
			isa = XCSwiftPackageProductDependency;
			package = BF0000010000000000000022 /* XCRemoteSwiftPackageReference "firebase-ios-sdk" */;
			productName = FirebaseAnalytics;
		};
		BF0000010000000000000014 /* FirebaseRemoteConfig */ = {
			isa = XCSwiftPackageProductDependency;
			package = BF0000010000000000000022 /* XCRemoteSwiftPackageReference "firebase-ios-sdk" */;
			productName = FirebaseRemoteConfig;
		};
		BF0000010000000000000015 /* FirebaseMessaging */ = {
			isa = XCSwiftPackageProductDependency;
			package = BF0000010000000000000022 /* XCRemoteSwiftPackageReference "firebase-ios-sdk" */;
			productName = FirebaseMessaging;
		};
		BF0000010000000000000016 /* Lottie */ = {
			isa = XCSwiftPackageProductDependency;
			package = BF0000010000000000000023 /* XCRemoteSwiftPackageReference "lottie-spm" */;
			productName = Lottie;
		};
		BF0000010000000000000017 /* SwiftyStoreKit */ = {
			isa = XCSwiftPackageProductDependency;
			package = BF0000010000000000000024 /* XCRemoteSwiftPackageReference "SwiftyStoreKit" */;
			productName = SwiftyStoreKit;
		};
/* End XCSwiftPackageProductDependency section */
	};
	rootObject = BF22F45620DE6E4C00B56F99 /* Project object */;
}
